// !$*UTF8*$!
{
	archiveVersion = 1;
	classes = {
	};
	objectVersion = 70;
	objects = {

/* Begin PBXBuildFile section */
		76154B7F29C20495002DDDEB /* API in Frameworks */ = {isa = PBXBuildFile; productRef = 76154B7E29C20495002DDDEB /* API */; };
		76154B8129C20495002DDDEB /* Features in Frameworks */ = {isa = PBXBuildFile; productRef = 76154B8029C20495002DDDEB /* Features */; };
		76154B8329C20495002DDDEB /* UI in Frameworks */ = {isa = PBXBuildFile; productRef = 76154B8229C20495002DDDEB /* UI */; };
		7621510F29CC4E2B009314B7 /* API in Frameworks */ = {isa = PBXBuildFile; productRef = 7621510E29CC4E2B009314B7 /* API */; };
		7621511129CC4E2B009314B7 /* Features in Frameworks */ = {isa = PBXBuildFile; productRef = 7621511029CC4E2B009314B7 /* Features */; };
		7621511329CC4E2B009314B7 /* UI in Frameworks */ = {isa = PBXBuildFile; productRef = 7621511229CC4E2B009314B7 /* UI */; };
		767300EC2C88A3A40026B2EF /* FCM in Frameworks */ = {isa = PBXBuildFile; productRef = 767300EB2C88A3A40026B2EF /* FCM */; };
		767F09B4299FD94B00349902 /* WebExtension.appex in Embed Foundation Extensions */ = {isa = PBXBuildFile; fileRef = 767F096F299FD6E200349902 /* WebExtension.appex */; settings = {ATTRIBUTES = (RemoveHeadersOnCopy, ); }; };
		768CA1F7294CC10900AD7E62 /* StoreKit.framework in Frameworks */ = {isa = PBXBuildFile; fileRef = 768CA1F6294CC10900AD7E62 /* StoreKit.framework */; };
		7697437429718A6100322290 /* Features in Frameworks */ = {isa = PBXBuildFile; productRef = 7697437329718A6100322290 /* Features */; };
		769FFF0029CC4C8500C2E6DA /* UniformTypeIdentifiers.framework in Frameworks */ = {isa = PBXBuildFile; fileRef = 76DC0B9829AF6C21007B4BDF /* UniformTypeIdentifiers.framework */; };
		769FFF0C29CC4C8500C2E6DA /* Action iOS.appex in Embed Foundation Extensions */ = {isa = PBXBuildFile; fileRef = 769FFEFF29CC4C8500C2E6DA /* Action iOS.appex */; settings = {ATTRIBUTES = (RemoveHeadersOnCopy, ); }; };
		76B16BD42930F34D00032D7D /* API in Frameworks */ = {isa = PBXBuildFile; productRef = 76B16BD32930F34D00032D7D /* API */; };
		76CA863A2F44BFE3002E1FA2 /* AppIntents.framework in Frameworks */ = {isa = PBXBuildFile; fileRef = 76CA86392F44BFE3002E1FA2 /* AppIntents.framework */; };
		76D880E62930E1FB00D43AD9 /* Share iOS.appex in Embed Foundation Extensions */ = {isa = PBXBuildFile; fileRef = 76D880DC2930E1FB00D43AD9 /* Share iOS.appex */; settings = {ATTRIBUTES = (RemoveHeadersOnCopy, ); }; };
		76EC67EA29D46A54007AE635 /* API in Frameworks */ = {isa = PBXBuildFile; productRef = 76EC67E929D46A54007AE635 /* API */; };
		76F8755429D469DD007C5620 /* UI in Frameworks */ = {isa = PBXBuildFile; productRef = 76F8755329D469DD007C5620 /* UI */; };
		76F8755629D46A09007C5620 /* UI in Frameworks */ = {isa = PBXBuildFile; productRef = 76F8755529D46A09007C5620 /* UI */; };
		76F8755829D46A0E007C5620 /* Features in Frameworks */ = {isa = PBXBuildFile; productRef = 76F8755729D46A0E007C5620 /* Features */; };
		76FECCC129FBDA9A00639D39 /* SignInWithGoogle in Frameworks */ = {isa = PBXBuildFile; platformFilter = ios; productRef = 76FECCC029FBDA9A00639D39 /* SignInWithGoogle */; };
/* End PBXBuildFile section */

/* Begin PBXContainerItemProxy section */
		76154C6F29C21039002DDDEB /* PBXContainerItemProxy */ = {
			isa = PBXContainerItemProxy;
			containerPortal = 7685A189286868AC00A4BC3C /* Project object */;
			proxyType = 1;
			remoteGlobalIDString = 76154C5729C21039002DDDEB;
			remoteInfo = WebExtension;
		};
		767F09B5299FD94B00349902 /* PBXContainerItemProxy */ = {
			isa = PBXContainerItemProxy;
			containerPortal = 7685A189286868AC00A4BC3C /* Project object */;
			proxyType = 1;
			remoteGlobalIDString = 767F096E299FD6E200349902;
			remoteInfo = "WebExtension iOS";
		};
		769FFF0A29CC4C8500C2E6DA /* PBXContainerItemProxy */ = {
			isa = PBXContainerItemProxy;
			containerPortal = 7685A189286868AC00A4BC3C /* Project object */;
			proxyType = 1;
			remoteGlobalIDString = 769FFEFE29CC4C8500C2E6DA;
			remoteInfo = SaveToUnsorted;
		};
		76D880E42930E1FB00D43AD9 /* PBXContainerItemProxy */ = {
			isa = PBXContainerItemProxy;
			containerPortal = 7685A189286868AC00A4BC3C /* Project object */;
			proxyType = 1;
			remoteGlobalIDString = 76D880DB2930E1FB00D43AD9;
			remoteInfo = share;
		};
/* End PBXContainerItemProxy section */

/* Begin PBXCopyFilesBuildPhase section */
		76D880E72930E1FB00D43AD9 /* Embed Foundation Extensions */ = {
			isa = PBXCopyFilesBuildPhase;
			buildActionMask = 2147483647;
			dstPath = "";
			dstSubfolderSpec = 13;
			files = (
				769FFF0C29CC4C8500C2E6DA /* Action iOS.appex in Embed Foundation Extensions */,
				76D880E62930E1FB00D43AD9 /* Share iOS.appex in Embed Foundation Extensions */,
				767F09B4299FD94B00349902 /* WebExtension.appex in Embed Foundation Extensions */,
			);
			name = "Embed Foundation Extensions";
			runOnlyForDeploymentPostprocessing = 0;
		};
/* End PBXCopyFilesBuildPhase section */

/* Begin PBXFileReference section */
		76154B6229C202D5002DDDEB /* Share macOS.appex */ = {isa = PBXFileReference; explicitFileType = "wrapper.app-extension"; includeInIndex = 0; path = "Share macOS.appex"; sourceTree = BUILT_PRODUCTS_DIR; };
		76154C5829C21039002DDDEB /* WebExtension macOS.appex */ = {isa = PBXFileReference; explicitFileType = "wrapper.app-extension"; includeInIndex = 0; path = "WebExtension macOS.appex"; sourceTree = BUILT_PRODUCTS_DIR; };
		7639A6AE286889DB00A76FE9 /* UI */ = {isa = PBXFileReference; lastKnownFileType = text; path = UI; sourceTree = SOURCE_ROOT; };
		767AC1162925196F00766998 /* Features */ = {isa = PBXFileReference; lastKnownFileType = wrapper; path = Features; sourceTree = "<group>"; };
		767F096F299FD6E200349902 /* WebExtension.appex */ = {isa = PBXFileReference; explicitFileType = "wrapper.app-extension"; includeInIndex = 0; path = WebExtension.appex; sourceTree = BUILT_PRODUCTS_DIR; };
		7685A191286868AC00A4BC3C /* Raindrop.app */ = {isa = PBXFileReference; explicitFileType = wrapper.application; includeInIndex = 0; path = Raindrop.app; sourceTree = BUILT_PRODUCTS_DIR; };
		7685A1AC286880F600A4BC3C /* API */ = {isa = PBXFileReference; lastKnownFileType = text; path = API; sourceTree = SOURCE_ROOT; };
		768CA1F6294CC10900AD7E62 /* StoreKit.framework */ = {isa = PBXFileReference; lastKnownFileType = wrapper.framework; name = StoreKit.framework; path = System/Library/Frameworks/StoreKit.framework; sourceTree = SDKROOT; };
		769FFEFF29CC4C8500C2E6DA /* Action iOS.appex */ = {isa = PBXFileReference; explicitFileType = "wrapper.app-extension"; includeInIndex = 0; path = "Action iOS.appex"; sourceTree = BUILT_PRODUCTS_DIR; };
		76CA86392F44BFE3002E1FA2 /* AppIntents.framework */ = {isa = PBXFileReference; lastKnownFileType = wrapper.framework; name = AppIntents.framework; path = Platforms/iPhoneOS.platform/Developer/SDKs/iPhoneOS26.2.sdk/System/Library/Frameworks/AppIntents.framework; sourceTree = DEVELOPER_DIR; };
		76D00FB329FBD76A005BDD38 /* SignInWithGoogle */ = {isa = PBXFileReference; lastKnownFileType = wrapper; path = SignInWithGoogle; sourceTree = "<group>"; };
		76D880DC2930E1FB00D43AD9 /* Share iOS.appex */ = {isa = PBXFileReference; explicitFileType = "wrapper.app-extension"; includeInIndex = 0; path = "Share iOS.appex"; sourceTree = BUILT_PRODUCTS_DIR; };
		76DC0B9829AF6C21007B4BDF /* UniformTypeIdentifiers.framework */ = {isa = PBXFileReference; lastKnownFileType = wrapper.framework; name = UniformTypeIdentifiers.framework; path = System/Library/Frameworks/UniformTypeIdentifiers.framework; sourceTree = SDKROOT; };
		76E08B6929A3976000B3202D /* Backport */ = {isa = PBXFileReference; lastKnownFileType = wrapper; path = Backport; sourceTree = "<group>"; };
		76E88D9D2C889D7600700FF9 /* FCM */ = {isa = PBXFileReference; lastKnownFileType = wrapper; path = FCM; sourceTree = "<group>"; };
/* End PBXFileReference section */

/* Begin PBXFileSystemSynchronizedBuildFileExceptionSet section */
		761F92462F44A7040058B878 /* PBXFileSystemSynchronizedBuildFileExceptionSet */ = {
			isa = PBXFileSystemSynchronizedBuildFileExceptionSet;
			membershipExceptions = (
				Action/Assets.xcassets,
				Action/Info.plist,
				Action/InfoPlist.xcstrings,
				Share/Info.plist,
			);
			target = 76D880DB2930E1FB00D43AD9 /* Share iOS */;
		};
		761F92472F44A7040058B878 /* PBXFileSystemSynchronizedBuildFileExceptionSet */ = {
			isa = PBXFileSystemSynchronizedBuildFileExceptionSet;
			membershipExceptions = (
				Action/Assets.xcassets,
				Action/Info.plist,
				Action/InfoPlist.xcstrings,
				Share/Info.plist,
			);
			target = 76154B6129C202D5002DDDEB /* Share macOS */;
		};
		761F93162F44A79F0058B878 /* PBXFileSystemSynchronizedBuildFileExceptionSet */ = {
			isa = PBXFileSystemSynchronizedBuildFileExceptionSet;
			membershipExceptions = (
				App.plist,
			);
			target = 7685A190286868AC00A4BC3C /* Raindrop */;
		};
		762357122F47639700BB47F9 /* PBXFileSystemSynchronizedBuildFileExceptionSet */ = {
			isa = PBXFileSystemSynchronizedBuildFileExceptionSet;
			membershipExceptions = (
				ios/_locales,
				ios/assets,
				ios/background.js,
				ios/index.html,
				ios/manifest.json,
				ios/sidepanel.html,
				ios/welcome,
				WebExtension.swift,
			);
			target = 767F096E299FD6E200349902 /* WebExtension iOS */;
		};
		762357132F47639700BB47F9 /* PBXFileSystemSynchronizedBuildFileExceptionSet */ = {
			isa = PBXFileSystemSynchronizedBuildFileExceptionSet;
			membershipExceptions = (
				macos/_locales,
				macos/assets,
				macos/background.js,
				macos/index.html,
				macos/manifest.json,
				macos/sidepanel.html,
				macos/welcome,
				WebExtension.swift,
			);
			target = 76154C5729C21039002DDDEB /* WebExtension macOS */;
		};
		763E44A22F7FDE810012E48F /* PBXFileSystemSynchronizedBuildFileExceptionSet */ = {
			isa = PBXFileSystemSynchronizedBuildFileExceptionSet;
			membershipExceptions = (
				Action/Info.plist,
				Share/Info.plist,
				Share/Inject.js,
			);
			target = 769FFEFE29CC4C8500C2E6DA /* Action iOS */;
		};
/* End PBXFileSystemSynchronizedBuildFileExceptionSet section */

/* Begin PBXFileSystemSynchronizedRootGroup section */
		761F921B2F44A7040058B878 /* Extension */ = {isa = PBXFileSystemSynchronizedRootGroup; exceptions = (761F92462F44A7040058B878 /* PBXFileSystemSynchronizedBuildFileExceptionSet */, 761F92472F44A7040058B878 /* PBXFileSystemSynchronizedBuildFileExceptionSet */, 763E44A22F7FDE810012E48F /* PBXFileSystemSynchronizedBuildFileExceptionSet */, ); explicitFileTypes = {}; explicitFolders = (); path = Extension; sourceTree = "<group>"; };
		761F92D82F44A79F0058B878 /* App */ = {isa = PBXFileSystemSynchronizedRootGroup; exceptions = (761F93162F44A79F0058B878 /* PBXFileSystemSynchronizedBuildFileExceptionSet */, ); explicitFileTypes = {}; explicitFolders = (); path = App; sourceTree = "<group>"; };
		762357012F47639700BB47F9 /* WebExtension */ = {isa = PBXFileSystemSynchronizedRootGroup; exceptions = (762357122F47639700BB47F9 /* PBXFileSystemSynchronizedBuildFileExceptionSet */, 762357132F47639700BB47F9 /* PBXFileSystemSynchronizedBuildFileExceptionSet */, ); explicitFileTypes = {}; explicitFolders = (ios/_locales, ios/assets, ios/welcome, macos/_locales, macos/assets, macos/welcome, ); path = WebExtension; sourceTree = "<group>"; };
		768AE24F2F7FBA48009D98D8 /* Localization */ = {isa = PBXFileSystemSynchronizedRootGroup; explicitFileTypes = {}; explicitFolders = (); path = Localization; sourceTree = "<group>"; };
		76CA862B2F44BFA0002E1FA2 /* Shortcuts */ = {isa = PBXFileSystemSynchronizedRootGroup; explicitFileTypes = {}; explicitFolders = (); path = Shortcuts; sourceTree = "<group>"; };
/* End PBXFileSystemSynchronizedRootGroup section */

/* Begin PBXFrameworksBuildPhase section */
		76154B5F29C202D5002DDDEB /* Frameworks */ = {
			isa = PBXFrameworksBuildPhase;
			buildActionMask = 2147483647;
			files = (
				76154B7F29C20495002DDDEB /* API in Frameworks */,
				76154B8329C20495002DDDEB /* UI in Frameworks */,
				76154B8129C20495002DDDEB /* Features in Frameworks */,
			);
			runOnlyForDeploymentPostprocessing = 0;
		};
		76154C5529C21039002DDDEB /* Frameworks */ = {
			isa = PBXFrameworksBuildPhase;
			buildActionMask = 2147483647;
			files = (
			);
			runOnlyForDeploymentPostprocessing = 0;
		};
		767F096C299FD6E200349902 /* Frameworks */ = {
			isa = PBXFrameworksBuildPhase;
			buildActionMask = 2147483647;
			files = (
			);
			runOnlyForDeploymentPostprocessing = 0;
		};
		7685A18E286868AC00A4BC3C /* Frameworks */ = {
			isa = PBXFrameworksBuildPhase;
			buildActionMask = 2147483647;
			files = (
				76F8755429D469DD007C5620 /* UI in Frameworks */,
				76EC67EA29D46A54007AE635 /* API in Frameworks */,
				76FECCC129FBDA9A00639D39 /* SignInWithGoogle in Frameworks */,
				76CA863A2F44BFE3002E1FA2 /* AppIntents.framework in Frameworks */,
				767300EC2C88A3A40026B2EF /* FCM in Frameworks */,
				7697437429718A6100322290 /* Features in Frameworks */,
				768CA1F7294CC10900AD7E62 /* StoreKit.framework in Frameworks */,
			);
			runOnlyForDeploymentPostprocessing = 0;
		};
		769FFEFC29CC4C8500C2E6DA /* Frameworks */ = {
			isa = PBXFrameworksBuildPhase;
			buildActionMask = 2147483647;
			files = (
				7621511329CC4E2B009314B7 /* UI in Frameworks */,
				7621511129CC4E2B009314B7 /* Features in Frameworks */,
				769FFF0029CC4C8500C2E6DA /* UniformTypeIdentifiers.framework in Frameworks */,
				7621510F29CC4E2B009314B7 /* API in Frameworks */,
			);
			runOnlyForDeploymentPostprocessing = 0;
		};
		76D880D92930E1FB00D43AD9 /* Frameworks */ = {
			isa = PBXFrameworksBuildPhase;
			buildActionMask = 2147483647;
			files = (
				76F8755829D46A0E007C5620 /* Features in Frameworks */,
				76B16BD42930F34D00032D7D /* API in Frameworks */,
				76F8755629D46A09007C5620 /* UI in Frameworks */,
			);
			runOnlyForDeploymentPostprocessing = 0;
		};
/* End PBXFrameworksBuildPhase section */

/* Begin PBXGroup section */
		7685A188286868AC00A4BC3C = {
			isa = PBXGroup;
			children = (
				761F92D82F44A79F0058B878 /* App */,
				761F921B2F44A7040058B878 /* Extension */,
				762357012F47639700BB47F9 /* WebExtension */,
				76CA862B2F44BFA0002E1FA2 /* Shortcuts */,
				768AE24F2F7FBA48009D98D8 /* Localization */,
				767AC1162925196F00766998 /* Features */,
				7685A1AC286880F600A4BC3C /* API */,
				76E08B6929A3976000B3202D /* Backport */,
				7639A6AE286889DB00A76FE9 /* UI */,
				76D00FB329FBD76A005BDD38 /* SignInWithGoogle */,
				76E88D9D2C889D7600700FF9 /* FCM */,
				7685A192286868AC00A4BC3C /* Products */,
				7685A1AD2868810D00A4BC3C /* Frameworks */,
			);
			sourceTree = "<group>";
		};
		7685A192286868AC00A4BC3C /* Products */ = {
			isa = PBXGroup;
			children = (
				7685A191286868AC00A4BC3C /* Raindrop.app */,
				76D880DC2930E1FB00D43AD9 /* Share iOS.appex */,
				767F096F299FD6E200349902 /* WebExtension.appex */,
				76154B6229C202D5002DDDEB /* Share macOS.appex */,
				76154C5829C21039002DDDEB /* WebExtension macOS.appex */,
				769FFEFF29CC4C8500C2E6DA /* Action iOS.appex */,
			);
			name = Products;
			sourceTree = "<group>";
		};
		7685A1AD2868810D00A4BC3C /* Frameworks */ = {
			isa = PBXGroup;
			children = (
				76CA86392F44BFE3002E1FA2 /* AppIntents.framework */,
				768CA1F6294CC10900AD7E62 /* StoreKit.framework */,
				76DC0B9829AF6C21007B4BDF /* UniformTypeIdentifiers.framework */,
			);
			name = Frameworks;
			sourceTree = "<group>";
		};
/* End PBXGroup section */

/* Begin PBXNativeTarget section */
		76154B6129C202D5002DDDEB /* Share macOS */ = {
			isa = PBXNativeTarget;
			buildConfigurationList = 76154B7029C202D6002DDDEB /* Build configuration list for PBXNativeTarget "Share macOS" */;
			buildPhases = (
				76154B5E29C202D5002DDDEB /* Sources */,
				76154B5F29C202D5002DDDEB /* Frameworks */,
				76154B6029C202D5002DDDEB /* Resources */,
			);
			buildRules = (
			);
			dependencies = (
			);
			fileSystemSynchronizedGroups = (
				761F921B2F44A7040058B878 /* Extension */,
				768AE24F2F7FBA48009D98D8 /* Localization */,
			);
			name = "Share macOS";
			packageProductDependencies = (
				76154B7E29C20495002DDDEB /* API */,
				76154B8029C20495002DDDEB /* Features */,
				76154B8229C20495002DDDEB /* UI */,
			);
			productName = Raindrop.io;
			productReference = 76154B6229C202D5002DDDEB /* Share macOS.appex */;
			productType = "com.apple.product-type.app-extension";
		};
		76154C5729C21039002DDDEB /* WebExtension macOS */ = {
			isa = PBXNativeTarget;
			buildConfigurationList = 76154C7429C21039002DDDEB /* Build configuration list for PBXNativeTarget "WebExtension macOS" */;
			buildPhases = (
				76154C5429C21039002DDDEB /* Sources */,
				76154C5529C21039002DDDEB /* Frameworks */,
				76154C5629C21039002DDDEB /* Resources */,
			);
			buildRules = (
			);
			dependencies = (
			);
			name = "WebExtension macOS";
			productName = WebExtension;
			productReference = 76154C5829C21039002DDDEB /* WebExtension macOS.appex */;
			productType = "com.apple.product-type.app-extension";
		};
		767F096E299FD6E200349902 /* WebExtension iOS */ = {
			isa = PBXNativeTarget;
			buildConfigurationList = 767F09A8299FD6E200349902 /* Build configuration list for PBXNativeTarget "WebExtension iOS" */;
			buildPhases = (
				767F096B299FD6E200349902 /* Sources */,
				767F096C299FD6E200349902 /* Frameworks */,
				767F096D299FD6E200349902 /* Resources */,
			);
			buildRules = (
			);
			dependencies = (
			);
			name = "WebExtension iOS";
			productName = "WebExtension iOS";
			productReference = 767F096F299FD6E200349902 /* WebExtension.appex */;
			productType = "com.apple.product-type.app-extension";
		};
		7685A190286868AC00A4BC3C /* Raindrop */ = {
			isa = PBXNativeTarget;
			buildConfigurationList = 7685A1A0286868AD00A4BC3C /* Build configuration list for PBXNativeTarget "Raindrop" */;
			buildPhases = (
				7685A18D286868AC00A4BC3C /* Sources */,
				7685A18E286868AC00A4BC3C /* Frameworks */,
				7685A18F286868AC00A4BC3C /* Resources */,
				76D880E72930E1FB00D43AD9 /* Embed Foundation Extensions */,
			);
			buildRules = (
			);
			dependencies = (
				76D880E52930E1FB00D43AD9 /* PBXTargetDependency */,
				767F09B6299FD94B00349902 /* PBXTargetDependency */,
				76154C7029C21039002DDDEB /* PBXTargetDependency */,
				769FFF0B29CC4C8500C2E6DA /* PBXTargetDependency */,
			);
			fileSystemSynchronizedGroups = (
				761F92D82F44A79F0058B878 /* App */,
				768AE24F2F7FBA48009D98D8 /* Localization */,
				76CA862B2F44BFA0002E1FA2 /* Shortcuts */,
			);
			name = Raindrop;
			packageProductDependencies = (
				7697437329718A6100322290 /* Features */,
				76F8755329D469DD007C5620 /* UI */,
				76EC67E929D46A54007AE635 /* API */,
				76FECCC029FBDA9A00639D39 /* SignInWithGoogle */,
				767300EB2C88A3A40026B2EF /* FCM */,
			);
			productName = cupertino;
			productReference = 7685A191286868AC00A4BC3C /* Raindrop.app */;
			productType = "com.apple.product-type.application";
		};
		769FFEFE29CC4C8500C2E6DA /* Action iOS */ = {
			isa = PBXNativeTarget;
			buildConfigurationList = 769FFF0F29CC4C8500C2E6DA /* Build configuration list for PBXNativeTarget "Action iOS" */;
			buildPhases = (
				769FFEFB29CC4C8500C2E6DA /* Sources */,
				769FFEFC29CC4C8500C2E6DA /* Frameworks */,
				769FFEFD29CC4C8500C2E6DA /* Resources */,
			);
			buildRules = (
			);
			dependencies = (
			);
			fileSystemSynchronizedGroups = (
				761F921B2F44A7040058B878 /* Extension */,
				768AE24F2F7FBA48009D98D8 /* Localization */,
			);
			name = "Action iOS";
			packageProductDependencies = (
				7621510E29CC4E2B009314B7 /* API */,
				7621511029CC4E2B009314B7 /* Features */,
				7621511229CC4E2B009314B7 /* UI */,
			);
			productName = SaveToUnsorted;
			productReference = 769FFEFF29CC4C8500C2E6DA /* Action iOS.appex */;
			productType = "com.apple.product-type.app-extension";
		};
		76D880DB2930E1FB00D43AD9 /* Share iOS */ = {
			isa = PBXNativeTarget;
			buildConfigurationList = 76D880EA2930E1FB00D43AD9 /* Build configuration list for PBXNativeTarget "Share iOS" */;
			buildPhases = (
				76D880D82930E1FB00D43AD9 /* Sources */,
				76D880D92930E1FB00D43AD9 /* Frameworks */,
				76D880DA2930E1FB00D43AD9 /* Resources */,
			);
			buildRules = (
			);
			dependencies = (
			);
			fileSystemSynchronizedGroups = (
				761F921B2F44A7040058B878 /* Extension */,
				768AE24F2F7FBA48009D98D8 /* Localization */,
			);
			name = "Share iOS";
			packageProductDependencies = (
				76B16BD32930F34D00032D7D /* API */,
				76F8755529D46A09007C5620 /* UI */,
				76F8755729D46A0E007C5620 /* Features */,
			);
			productName = share;
			productReference = 76D880DC2930E1FB00D43AD9 /* Share iOS.appex */;
			productType = "com.apple.product-type.app-extension";
		};
/* End PBXNativeTarget section */

/* Begin PBXProject section */
		7685A189286868AC00A4BC3C /* Project object */ = {
			isa = PBXProject;
			attributes = {
				BuildIndependentTargetsInParallel = 1;
				LastSwiftUpdateCheck = 1420;
				LastUpgradeCheck = 2620;
				TargetAttributes = {
					76154B6129C202D5002DDDEB = {
						CreatedOnToolsVersion = 14.2;
					};
					76154C5729C21039002DDDEB = {
						CreatedOnToolsVersion = 14.2;
					};
					767F096E299FD6E200349902 = {
						CreatedOnToolsVersion = 14.2;
					};
					7685A190286868AC00A4BC3C = {
						CreatedOnToolsVersion = 14.0;
					};
					769FFEFE29CC4C8500C2E6DA = {
						CreatedOnToolsVersion = 14.2;
					};
					76D880DB2930E1FB00D43AD9 = {
						CreatedOnToolsVersion = 14.1;
					};
				};
			};
			buildConfigurationList = 7685A18C286868AC00A4BC3C /* Build configuration list for PBXProject "Raindrop" */;
			compatibilityVersion = "Xcode 14.0";
			developmentRegion = en;
			hasScannedForEncodings = 0;
			knownRegions = (
				en,
				Base,
				nl,
				fr,
				ru,
				ja,
				it,
				es,
				pt,
				pl,
				de,
			);
			mainGroup = 7685A188286868AC00A4BC3C;
			packageReferences = (
			);
			productRefGroup = 7685A192286868AC00A4BC3C /* Products */;
			projectDirPath = "";
			projectRoot = "";
			targets = (
				7685A190286868AC00A4BC3C /* Raindrop */,
				76D880DB2930E1FB00D43AD9 /* Share iOS */,
				76154B6129C202D5002DDDEB /* Share macOS */,
				769FFEFE29CC4C8500C2E6DA /* Action iOS */,
				767F096E299FD6E200349902 /* WebExtension iOS */,
				76154C5729C21039002DDDEB /* WebExtension macOS */,
			);
		};
/* End PBXProject section */

/* Begin PBXResourcesBuildPhase section */
		76154B6029C202D5002DDDEB /* Resources */ = {
			isa = PBXResourcesBuildPhase;
			buildActionMask = 2147483647;
			files = (
			);
			runOnlyForDeploymentPostprocessing = 0;
		};
		76154C5629C21039002DDDEB /* Resources */ = {
			isa = PBXResourcesBuildPhase;
			buildActionMask = 2147483647;
			files = (
			);
			runOnlyForDeploymentPostprocessing = 0;
		};
		767F096D299FD6E200349902 /* Resources */ = {
			isa = PBXResourcesBuildPhase;
			buildActionMask = 2147483647;
			files = (
			);
			runOnlyForDeploymentPostprocessing = 0;
		};
		7685A18F286868AC00A4BC3C /* Resources */ = {
			isa = PBXResourcesBuildPhase;
			buildActionMask = 2147483647;
			files = (
			);
			runOnlyForDeploymentPostprocessing = 0;
		};
		769FFEFD29CC4C8500C2E6DA /* Resources */ = {
			isa = PBXResourcesBuildPhase;
			buildActionMask = 2147483647;
			files = (
			);
			runOnlyForDeploymentPostprocessing = 0;
		};
		76D880DA2930E1FB00D43AD9 /* Resources */ = {
			isa = PBXResourcesBuildPhase;
			buildActionMask = 2147483647;
			files = (
			);
			runOnlyForDeploymentPostprocessing = 0;
		};
/* End PBXResourcesBuildPhase section */

/* Begin PBXSourcesBuildPhase section */
		76154B5E29C202D5002DDDEB /* Sources */ = {
			isa = PBXSourcesBuildPhase;
			buildActionMask = 2147483647;
			files = (
			);
			runOnlyForDeploymentPostprocessing = 0;
		};
		76154C5429C21039002DDDEB /* Sources */ = {
			isa = PBXSourcesBuildPhase;
			buildActionMask = 2147483647;
			files = (
			);
			runOnlyForDeploymentPostprocessing = 0;
		};
		767F096B299FD6E200349902 /* Sources */ = {
			isa = PBXSourcesBuildPhase;
			buildActionMask = 2147483647;
			files = (
			);
			runOnlyForDeploymentPostprocessing = 0;
		};
		7685A18D286868AC00A4BC3C /* Sources */ = {
			isa = PBXSourcesBuildPhase;
			buildActionMask = 2147483647;
			files = (
			);
			runOnlyForDeploymentPostprocessing = 0;
		};
		769FFEFB29CC4C8500C2E6DA /* Sources */ = {
			isa = PBXSourcesBuildPhase;
			buildActionMask = 2147483647;
			files = (
			);
			runOnlyForDeploymentPostprocessing = 0;
		};
		76D880D82930E1FB00D43AD9 /* Sources */ = {
			isa = PBXSourcesBuildPhase;
			buildActionMask = 2147483647;
			files = (
			);
			runOnlyForDeploymentPostprocessing = 0;
		};
/* End PBXSourcesBuildPhase section */

/* Begin PBXTargetDependency section */
		76154C7029C21039002DDDEB /* PBXTargetDependency */ = {
			isa = PBXTargetDependency;
			target = 76154C5729C21039002DDDEB /* WebExtension macOS */;
			targetProxy = 76154C6F29C21039002DDDEB /* PBXContainerItemProxy */;
		};
		767F09B6299FD94B00349902 /* PBXTargetDependency */ = {
			isa = PBXTargetDependency;
			target = 767F096E299FD6E200349902 /* WebExtension iOS */;
			targetProxy = 767F09B5299FD94B00349902 /* PBXContainerItemProxy */;
		};
		769FFF0B29CC4C8500C2E6DA /* PBXTargetDependency */ = {
			isa = PBXTargetDependency;
			target = 769FFEFE29CC4C8500C2E6DA /* Action iOS */;
			targetProxy = 769FFF0A29CC4C8500C2E6DA /* PBXContainerItemProxy */;
		};
		76D880E52930E1FB00D43AD9 /* PBXTargetDependency */ = {
			isa = PBXTargetDependency;
			target = 76D880DB2930E1FB00D43AD9 /* Share iOS */;
			targetProxy = 76D880E42930E1FB00D43AD9 /* PBXContainerItemProxy */;
		};
/* End PBXTargetDependency section */

/* Begin XCBuildConfiguration section */
		76154B7129C202D6002DDDEB /* Debug */ = {
			isa = XCBuildConfiguration;
			buildSettings = {
				CLANG_CXX_LANGUAGE_STANDARD = "gnu++20";
				CODE_SIGN_ENTITLEMENTS = Extension/Share/Share.entitlements;
				CODE_SIGN_IDENTITY = "-";
				"CODE_SIGN_IDENTITY[sdk=iphoneos*]" = "Apple Development";
				"CODE_SIGN_IDENTITY[sdk=macosx*]" = "Apple Development";
				CODE_SIGN_STYLE = Automatic;
				COMBINE_HIDPI_IMAGES = YES;
				ENABLE_APP_SANDBOX = YES;
				ENABLE_HARDENED_RUNTIME = YES;
				GENERATE_INFOPLIST_FILE = YES;
				INFOPLIST_FILE = Extension/Share/Info.plist;
				INFOPLIST_KEY_CFBundleDisplayName = Raindrop.io;
				INFOPLIST_KEY_NSHumanReadableCopyright = "";
				LD_RUNPATH_SEARCH_PATHS = (
					"$(inherited)",
					"@executable_path/../Frameworks",
					"@executable_path/../../../../Frameworks",
				);
				MACOSX_DEPLOYMENT_TARGET = 13.0;
				PRODUCT_BUNDLE_IDENTIFIER = io.raindrop.safari.Share;
				PRODUCT_NAME = "$(TARGET_NAME)";
				REGISTER_APP_GROUPS = YES;
				SDKROOT = macosx;
				SKIP_INSTALL = YES;
				SWIFT_EMIT_LOC_STRINGS = YES;
				SWIFT_VERSION = 5.0;
			};
			name = Debug;
		};
		76154B7229C202D6002DDDEB /* Release */ = {
			isa = XCBuildConfiguration;
			buildSettings = {
				CLANG_CXX_LANGUAGE_STANDARD = "gnu++20";
				CODE_SIGN_ENTITLEMENTS = Extension/Share/Share.entitlements;
				CODE_SIGN_IDENTITY = "-";
				"CODE_SIGN_IDENTITY[sdk=iphoneos*]" = "Apple Development";
				"CODE_SIGN_IDENTITY[sdk=macosx*]" = "Apple Development";
				CODE_SIGN_STYLE = Automatic;
				COMBINE_HIDPI_IMAGES = YES;
				ENABLE_APP_SANDBOX = YES;
				ENABLE_HARDENED_RUNTIME = YES;
				GENERATE_INFOPLIST_FILE = YES;
				INFOPLIST_FILE = Extension/Share/Info.plist;
				INFOPLIST_KEY_CFBundleDisplayName = Raindrop.io;
				INFOPLIST_KEY_NSHumanReadableCopyright = "";
				LD_RUNPATH_SEARCH_PATHS = (
					"$(inherited)",
					"@executable_path/../Frameworks",
					"@executable_path/../../../../Frameworks",
				);
				MACOSX_DEPLOYMENT_TARGET = 13.0;
				PRODUCT_BUNDLE_IDENTIFIER = io.raindrop.safari.Share;
				PRODUCT_NAME = "$(TARGET_NAME)";
				REGISTER_APP_GROUPS = YES;
				SDKROOT = macosx;
				SKIP_INSTALL = YES;
				SWIFT_EMIT_LOC_STRINGS = YES;
				SWIFT_VERSION = 5.0;
			};
			name = Release;
		};
		76154C7229C21039002DDDEB /* Debug */ = {
			isa = XCBuildConfiguration;
			buildSettings = {
				CLANG_CXX_LANGUAGE_STANDARD = "gnu++20";
				CODE_SIGN_ENTITLEMENTS = WebExtension/WebExtension.entitlements;
				CODE_SIGN_IDENTITY = "-";
				"CODE_SIGN_IDENTITY[sdk=iphoneos*]" = "Apple Development";
				"CODE_SIGN_IDENTITY[sdk=macosx*]" = "Apple Development";
				CODE_SIGN_STYLE = Automatic;
				ENABLE_APP_SANDBOX = YES;
				ENABLE_HARDENED_RUNTIME = YES;
				ENABLE_USER_SCRIPT_SANDBOXING = NO;
				ENABLE_USER_SELECTED_FILES = readonly;
				GENERATE_INFOPLIST_FILE = YES;
				INFOPLIST_FILE = WebExtension/WebExtension.plist;
				INFOPLIST_KEY_CFBundleDisplayName = WebExtension;
				INFOPLIST_KEY_NSHumanReadableCopyright = "";
				LD_RUNPATH_SEARCH_PATHS = (
					"$(inherited)",
					"@executable_path/../Frameworks",
					"@executable_path/../../../../Frameworks",
				);
				MACOSX_DEPLOYMENT_TARGET = 11.0;
				OTHER_LDFLAGS = (
					"-framework",
					SafariServices,
				);
				PRODUCT_BUNDLE_IDENTIFIER = io.raindrop.safari.extension;
				PRODUCT_NAME = "$(TARGET_NAME)";
				SDKROOT = macosx;
				SKIP_INSTALL = YES;
				SWIFT_EMIT_LOC_STRINGS = YES;
				SWIFT_VERSION = 5.0;
			};
			name = Debug;
		};
		76154C7329C21039002DDDEB /* Release */ = {
			isa = XCBuildConfiguration;
			buildSettings = {
				CLANG_CXX_LANGUAGE_STANDARD = "gnu++20";
				CODE_SIGN_ENTITLEMENTS = WebExtension/WebExtension.entitlements;
				CODE_SIGN_IDENTITY = "-";
				"CODE_SIGN_IDENTITY[sdk=iphoneos*]" = "Apple Development";
				"CODE_SIGN_IDENTITY[sdk=macosx*]" = "Apple Development";
				CODE_SIGN_STYLE = Automatic;
				ENABLE_APP_SANDBOX = YES;
				ENABLE_HARDENED_RUNTIME = YES;
				ENABLE_USER_SCRIPT_SANDBOXING = NO;
				ENABLE_USER_SELECTED_FILES = readonly;
				GENERATE_INFOPLIST_FILE = YES;
				INFOPLIST_FILE = WebExtension/WebExtension.plist;
				INFOPLIST_KEY_CFBundleDisplayName = WebExtension;
				INFOPLIST_KEY_NSHumanReadableCopyright = "";
				LD_RUNPATH_SEARCH_PATHS = (
					"$(inherited)",
					"@executable_path/../Frameworks",
					"@executable_path/../../../../Frameworks",
				);
				MACOSX_DEPLOYMENT_TARGET = 11.0;
				OTHER_LDFLAGS = (
					"-framework",
					SafariServices,
				);
				PRODUCT_BUNDLE_IDENTIFIER = io.raindrop.safari.extension;
				PRODUCT_NAME = "$(TARGET_NAME)";
				SDKROOT = macosx;
				SKIP_INSTALL = YES;
				SWIFT_EMIT_LOC_STRINGS = YES;
				SWIFT_VERSION = 5.0;
			};
			name = Release;
		};
		767F09A4299FD6E200349902 /* Debug */ = {
			isa = XCBuildConfiguration;
			buildSettings = {
				CLANG_CXX_LANGUAGE_STANDARD = "gnu++20";
				CODE_SIGN_STYLE = Automatic;
				ENABLE_USER_SCRIPT_SANDBOXING = NO;
				GENERATE_INFOPLIST_FILE = YES;
				INFOPLIST_FILE = WebExtension/WebExtension.plist;
				INFOPLIST_KEY_CFBundleDisplayName = Raindrop.io;
				INFOPLIST_KEY_NSHumanReadableCopyright = "";
				IPHONEOS_DEPLOYMENT_TARGET = 15.0;
				LD_RUNPATH_SEARCH_PATHS = (
					"$(inherited)",
					"@executable_path/Frameworks",
					"@executable_path/../../Frameworks",
				);
				OTHER_LDFLAGS = (
					"-framework",
					SafariServices,
				);
				PRODUCT_BUNDLE_IDENTIFIER = "io.raindrop.ios.safari-extension";
				PRODUCT_NAME = WebExtension;
				SDKROOT = iphoneos;
				SKIP_INSTALL = YES;
				SUPPORTED_PLATFORMS = "iphoneos iphonesimulator";
				SUPPORTS_MACCATALYST = NO;
				SUPPORTS_MAC_DESIGNED_FOR_IPHONE_IPAD = NO;
				SUPPORTS_XR_DESIGNED_FOR_IPHONE_IPAD = NO;
				SWIFT_EMIT_LOC_STRINGS = YES;
				SWIFT_VERSION = 5.0;
				TARGETED_DEVICE_FAMILY = "1,2";
			};
			name = Debug;
		};
		767F09A5299FD6E200349902 /* Release */ = {
			isa = XCBuildConfiguration;
			buildSettings = {
				CLANG_CXX_LANGUAGE_STANDARD = "gnu++20";
				CODE_SIGN_STYLE = Automatic;
				ENABLE_USER_SCRIPT_SANDBOXING = NO;
				GENERATE_INFOPLIST_FILE = YES;
				INFOPLIST_FILE = WebExtension/WebExtension.plist;
				INFOPLIST_KEY_CFBundleDisplayName = Raindrop.io;
				INFOPLIST_KEY_NSHumanReadableCopyright = "";
				IPHONEOS_DEPLOYMENT_TARGET = 15.0;
				LD_RUNPATH_SEARCH_PATHS = (
					"$(inherited)",
					"@executable_path/Frameworks",
					"@executable_path/../../Frameworks",
				);
				OTHER_LDFLAGS = (
					"-framework",
					SafariServices,
				);
				PRODUCT_BUNDLE_IDENTIFIER = "io.raindrop.ios.safari-extension";
				PRODUCT_NAME = WebExtension;
				SDKROOT = iphoneos;
				SKIP_INSTALL = YES;
				SUPPORTED_PLATFORMS = "iphoneos iphonesimulator";
				SUPPORTS_MACCATALYST = NO;
				SUPPORTS_MAC_DESIGNED_FOR_IPHONE_IPAD = NO;
				SUPPORTS_XR_DESIGNED_FOR_IPHONE_IPAD = NO;
				SWIFT_EMIT_LOC_STRINGS = YES;
				SWIFT_VERSION = 5.0;
				TARGETED_DEVICE_FAMILY = "1,2";
				VALIDATE_PRODUCT = YES;
			};
			name = Release;
		};
		7685A19E286868AD00A4BC3C /* Debug */ = {
			isa = XCBuildConfiguration;
			buildSettings = {
				ALWAYS_SEARCH_USER_PATHS = NO;
				ASSETCATALOG_COMPILER_GENERATE_SWIFT_ASSET_SYMBOL_EXTENSIONS = YES;
				CLANG_ANALYZER_NONNULL = YES;
				CLANG_ANALYZER_NUMBER_OBJECT_CONVERSION = YES_AGGRESSIVE;
				CLANG_CXX_LANGUAGE_STANDARD = "gnu++17";
				CLANG_ENABLE_MODULES = YES;
				CLANG_ENABLE_OBJC_ARC = YES;
				CLANG_ENABLE_OBJC_WEAK = YES;
				CLANG_WARN_BLOCK_CAPTURE_AUTORELEASING = YES;
				CLANG_WARN_BOOL_CONVERSION = YES;
				CLANG_WARN_COMMA = YES;
				CLANG_WARN_CONSTANT_CONVERSION = YES;
				CLANG_WARN_DEPRECATED_OBJC_IMPLEMENTATIONS = YES;
				CLANG_WARN_DIRECT_OBJC_ISA_USAGE = YES_ERROR;
				CLANG_WARN_DOCUMENTATION_COMMENTS = YES;
				CLANG_WARN_EMPTY_BODY = YES;
				CLANG_WARN_ENUM_CONVERSION = YES;
				CLANG_WARN_INFINITE_RECURSION = YES;
				CLANG_WARN_INT_CONVERSION = YES;
				CLANG_WARN_NON_LITERAL_NULL_CONVERSION = YES;
				CLANG_WARN_OBJC_IMPLICIT_RETAIN_SELF = YES;
				CLANG_WARN_OBJC_LITERAL_CONVERSION = YES;
				CLANG_WARN_OBJC_ROOT_CLASS = YES_ERROR;
				CLANG_WARN_QUOTED_INCLUDE_IN_FRAMEWORK_HEADER = YES;
				CLANG_WARN_RANGE_LOOP_ANALYSIS = YES;
				CLANG_WARN_STRICT_PROTOTYPES = YES;
				CLANG_WARN_SUSPICIOUS_MOVE = YES;
				CLANG_WARN_UNGUARDED_AVAILABILITY = YES_AGGRESSIVE;
				CLANG_WARN_UNREACHABLE_CODE = YES;
				CLANG_WARN__DUPLICATE_METHOD_MATCH = YES;
				COPY_PHASE_STRIP = NO;
				CURRENT_PROJECT_VERSION = 5000;
				DEAD_CODE_STRIPPING = YES;
				DEBUG_INFORMATION_FORMAT = dwarf;
				DEVELOPMENT_TEAM = 7459JWM5TY;
				ENABLE_STRICT_OBJC_MSGSEND = YES;
				ENABLE_TESTABILITY = YES;
				ENABLE_USER_SCRIPT_SANDBOXING = YES;
				GCC_C_LANGUAGE_STANDARD = gnu11;
				GCC_DYNAMIC_NO_PIC = NO;
				GCC_NO_COMMON_BLOCKS = YES;
				GCC_OPTIMIZATION_LEVEL = 0;
				GCC_PREPROCESSOR_DEFINITIONS = (
					"DEBUG=1",
					"$(inherited)",
				);
				GCC_WARN_64_TO_32_BIT_CONVERSION = YES;
				GCC_WARN_ABOUT_RETURN_TYPE = YES_ERROR;
				GCC_WARN_UNDECLARED_SELECTOR = YES;
				GCC_WARN_UNINITIALIZED_AUTOS = YES_AGGRESSIVE;
				GCC_WARN_UNUSED_FUNCTION = YES;
				GCC_WARN_UNUSED_VARIABLE = YES;
				MARKETING_VERSION = 5.3.8;
				MTL_ENABLE_DEBUG_INFO = INCLUDE_SOURCE;
				MTL_FAST_MATH = YES;
				ONLY_ACTIVE_ARCH = YES;
				STRING_CATALOG_GENERATE_SYMBOLS = YES;
				SWIFT_ACTIVE_COMPILATION_CONDITIONS = DEBUG;
				SWIFT_OPTIMIZATION_LEVEL = "-Onone";
				SWIFT_UPCOMING_FEATURE_APPROACHABLE_CONCURRENCY = YES;
			};
			name = Debug;
		};
		7685A19F286868AD00A4BC3C /* Release */ = {
			isa = XCBuildConfiguration;
			buildSettings = {
				ALWAYS_SEARCH_USER_PATHS = NO;
				ASSETCATALOG_COMPILER_GENERATE_SWIFT_ASSET_SYMBOL_EXTENSIONS = YES;
				CLANG_ANALYZER_NONNULL = YES;
				CLANG_ANALYZER_NUMBER_OBJECT_CONVERSION = YES_AGGRESSIVE;
				CLANG_CXX_LANGUAGE_STANDARD = "gnu++17";
				CLANG_ENABLE_MODULES = YES;
				CLANG_ENABLE_OBJC_ARC = YES;
				CLANG_ENABLE_OBJC_WEAK = YES;
				CLANG_WARN_BLOCK_CAPTURE_AUTORELEASING = YES;
				CLANG_WARN_BOOL_CONVERSION = YES;
				CLANG_WARN_COMMA = YES;
				CLANG_WARN_CONSTANT_CONVERSION = YES;
				CLANG_WARN_DEPRECATED_OBJC_IMPLEMENTATIONS = YES;
				CLANG_WARN_DIRECT_OBJC_ISA_USAGE = YES_ERROR;
				CLANG_WARN_DOCUMENTATION_COMMENTS = YES;
				CLANG_WARN_EMPTY_BODY = YES;
				CLANG_WARN_ENUM_CONVERSION = YES;
				CLANG_WARN_INFINITE_RECURSION = YES;
				CLANG_WARN_INT_CONVERSION = YES;
				CLANG_WARN_NON_LITERAL_NULL_CONVERSION = YES;
				CLANG_WARN_OBJC_IMPLICIT_RETAIN_SELF = YES;
				CLANG_WARN_OBJC_LITERAL_CONVERSION = YES;
				CLANG_WARN_OBJC_ROOT_CLASS = YES_ERROR;
				CLANG_WARN_QUOTED_INCLUDE_IN_FRAMEWORK_HEADER = YES;
				CLANG_WARN_RANGE_LOOP_ANALYSIS = YES;
				CLANG_WARN_STRICT_PROTOTYPES = YES;
				CLANG_WARN_SUSPICIOUS_MOVE = YES;
				CLANG_WARN_UNGUARDED_AVAILABILITY = YES_AGGRESSIVE;
				CLANG_WARN_UNREACHABLE_CODE = YES;
				CLANG_WARN__DUPLICATE_METHOD_MATCH = YES;
				COPY_PHASE_STRIP = NO;
				CURRENT_PROJECT_VERSION = 5000;
				DEAD_CODE_STRIPPING = YES;
				DEBUG_INFORMATION_FORMAT = "dwarf-with-dsym";
				DEVELOPMENT_TEAM = 7459JWM5TY;
				ENABLE_NS_ASSERTIONS = NO;
				ENABLE_STRICT_OBJC_MSGSEND = YES;
				ENABLE_USER_SCRIPT_SANDBOXING = YES;
				GCC_C_LANGUAGE_STANDARD = gnu11;
				GCC_NO_COMMON_BLOCKS = YES;
				GCC_WARN_64_TO_32_BIT_CONVERSION = YES;
				GCC_WARN_ABOUT_RETURN_TYPE = YES_ERROR;
				GCC_WARN_UNDECLARED_SELECTOR = YES;
				GCC_WARN_UNINITIALIZED_AUTOS = YES_AGGRESSIVE;
				GCC_WARN_UNUSED_FUNCTION = YES;
				GCC_WARN_UNUSED_VARIABLE = YES;
				MARKETING_VERSION = 5.3.8;
				MTL_ENABLE_DEBUG_INFO = NO;
				MTL_FAST_MATH = YES;
				STRING_CATALOG_GENERATE_SYMBOLS = YES;
				SWIFT_COMPILATION_MODE = wholemodule;
				SWIFT_OPTIMIZATION_LEVEL = "-O";
				SWIFT_UPCOMING_FEATURE_APPROACHABLE_CONCURRENCY = YES;
			};
			name = Release;
		};
		7685A1A1286868AD00A4BC3C /* Debug */ = {
			isa = XCBuildConfiguration;
			buildSettings = {
				ASSETCATALOG_COMPILER_APPICON_NAME = AppIcon;
				ASSETCATALOG_COMPILER_GLOBAL_ACCENT_COLOR_NAME = AccentColor;
				ASSETCATALOG_COMPILER_INCLUDE_ALL_APPICON_ASSETS = YES;
				CODE_SIGN_ENTITLEMENTS = App/App.entitlements;
				CODE_SIGN_IDENTITY = "-";
				"CODE_SIGN_IDENTITY[sdk=iphoneos*]" = "Apple Development";
				"CODE_SIGN_IDENTITY[sdk=macosx*]" = "Apple Development";
				CODE_SIGN_STYLE = Automatic;
				DEAD_CODE_STRIPPING = YES;
				DEVELOPMENT_ASSET_PATHS = "";
				ENABLE_APP_SANDBOX = YES;
				ENABLE_HARDENED_RUNTIME = YES;
				ENABLE_OUTGOING_NETWORK_CONNECTIONS = YES;
				ENABLE_PREVIEWS = YES;
				ENABLE_USER_SCRIPT_SANDBOXING = NO;
				ENABLE_USER_SELECTED_FILES = readonly;
				GENERATE_INFOPLIST_FILE = YES;
				INFOPLIST_FILE = App/App.plist;
				INFOPLIST_KEY_CFBundleDisplayName = Raindrop.io;
				INFOPLIST_KEY_LSApplicationCategoryType = "public.app-category.productivity";
				INFOPLIST_KEY_NSHumanReadableCopyright = "";
				INFOPLIST_KEY_NSPhotoLibraryUsageDescription = "Upload photos to Raindrop.io (only after user select particular image)";
				INFOPLIST_KEY_UIApplicationSceneManifest_Generation = YES;
				"INFOPLIST_KEY_UILaunchScreen_Generation[sdk=iphoneos*]" = YES;
				"INFOPLIST_KEY_UILaunchScreen_Generation[sdk=iphonesimulator*]" = YES;
				INFOPLIST_KEY_UISupportedInterfaceOrientations_iPad = "UIInterfaceOrientationPortrait UIInterfaceOrientationPortraitUpsideDown UIInterfaceOrientationLandscapeLeft UIInterfaceOrientationLandscapeRight";
				INFOPLIST_KEY_UISupportedInterfaceOrientations_iPhone = "UIInterfaceOrientationPortrait UIInterfaceOrientationLandscapeLeft UIInterfaceOrientationLandscapeRight";
				IPHONEOS_DEPLOYMENT_TARGET = 17.5;
				LD_RUNPATH_SEARCH_PATHS = "@executable_path/Frameworks";
				"LD_RUNPATH_SEARCH_PATHS[sdk=macosx*]" = "@executable_path/../Frameworks";
				MACOSX_DEPLOYMENT_TARGET = 13.0;
				PRODUCT_BUNDLE_IDENTIFIER = io.raindrop.ios;
				PRODUCT_NAME = "$(TARGET_NAME)";
				SDKROOT = auto;
				SUPPORTED_PLATFORMS = "iphoneos iphonesimulator xros xrsimulator";
				SUPPORTS_MACCATALYST = NO;
				SUPPORTS_MAC_DESIGNED_FOR_IPHONE_IPAD = NO;
				SWIFT_EMIT_LOC_STRINGS = YES;
				SWIFT_VERSION = 5.0;
				TARGETED_DEVICE_FAMILY = "1,2,7";
			};
			name = Debug;
		};
		7685A1A2286868AD00A4BC3C /* Release */ = {
			isa = XCBuildConfiguration;
			buildSettings = {
				ASSETCATALOG_COMPILER_APPICON_NAME = AppIcon;
				ASSETCATALOG_COMPILER_GLOBAL_ACCENT_COLOR_NAME = AccentColor;
				ASSETCATALOG_COMPILER_INCLUDE_ALL_APPICON_ASSETS = YES;
				CODE_SIGN_ENTITLEMENTS = App/App.entitlements;
				CODE_SIGN_IDENTITY = "-";
				"CODE_SIGN_IDENTITY[sdk=iphoneos*]" = "Apple Development";
				"CODE_SIGN_IDENTITY[sdk=macosx*]" = "Apple Development";
				CODE_SIGN_STYLE = Automatic;
				DEAD_CODE_STRIPPING = YES;
				DEVELOPMENT_ASSET_PATHS = "";
				ENABLE_APP_SANDBOX = YES;
				ENABLE_HARDENED_RUNTIME = YES;
				ENABLE_OUTGOING_NETWORK_CONNECTIONS = YES;
				ENABLE_PREVIEWS = YES;
				ENABLE_USER_SCRIPT_SANDBOXING = NO;
				ENABLE_USER_SELECTED_FILES = readonly;
				GENERATE_INFOPLIST_FILE = YES;
				INFOPLIST_FILE = App/App.plist;
				INFOPLIST_KEY_CFBundleDisplayName = Raindrop.io;
				INFOPLIST_KEY_LSApplicationCategoryType = "public.app-category.productivity";
				INFOPLIST_KEY_NSHumanReadableCopyright = "";
				INFOPLIST_KEY_NSPhotoLibraryUsageDescription = "Upload photos to Raindrop.io (only after user select particular image)";
				INFOPLIST_KEY_UIApplicationSceneManifest_Generation = YES;
				"INFOPLIST_KEY_UILaunchScreen_Generation[sdk=iphoneos*]" = YES;
				"INFOPLIST_KEY_UILaunchScreen_Generation[sdk=iphonesimulator*]" = YES;
				INFOPLIST_KEY_UISupportedInterfaceOrientations_iPad = "UIInterfaceOrientationPortrait UIInterfaceOrientationPortraitUpsideDown UIInterfaceOrientationLandscapeLeft UIInterfaceOrientationLandscapeRight";
				INFOPLIST_KEY_UISupportedInterfaceOrientations_iPhone = "UIInterfaceOrientationPortrait UIInterfaceOrientationLandscapeLeft UIInterfaceOrientationLandscapeRight";
				IPHONEOS_DEPLOYMENT_TARGET = 17.5;
				LD_RUNPATH_SEARCH_PATHS = "@executable_path/Frameworks";
				"LD_RUNPATH_SEARCH_PATHS[sdk=macosx*]" = "@executable_path/../Frameworks";
				MACOSX_DEPLOYMENT_TARGET = 13.0;
				PRODUCT_BUNDLE_IDENTIFIER = io.raindrop.ios;
				PRODUCT_NAME = "$(TARGET_NAME)";
				SDKROOT = auto;
				SUPPORTED_PLATFORMS = "iphoneos iphonesimulator xros xrsimulator";
				SUPPORTS_MACCATALYST = NO;
				SUPPORTS_MAC_DESIGNED_FOR_IPHONE_IPAD = NO;
				SWIFT_EMIT_LOC_STRINGS = YES;
				SWIFT_VERSION = 5.0;
				TARGETED_DEVICE_FAMILY = "1,2,7";
			};
			name = Release;
		};
		769FFF0D29CC4C8500C2E6DA /* Debug */ = {
			isa = XCBuildConfiguration;
			buildSettings = {
				ASSETCATALOG_COMPILER_APPICON_NAME = ActionIcon;
				CLANG_CXX_LANGUAGE_STANDARD = "gnu++20";
				CODE_SIGN_ENTITLEMENTS = Extension/Action/Action.entitlements;
				CODE_SIGN_IDENTITY = "-";
				"CODE_SIGN_IDENTITY[sdk=iphoneos*]" = "Apple Development";
				"CODE_SIGN_IDENTITY[sdk=macosx*]" = "Apple Development";
				CODE_SIGN_STYLE = Automatic;
				GENERATE_INFOPLIST_FILE = YES;
				INFOPLIST_FILE = Extension/Action/Info.plist;
				INFOPLIST_KEY_NSHumanReadableCopyright = "";
				IPHONEOS_DEPLOYMENT_TARGET = 17.5;
				LD_RUNPATH_SEARCH_PATHS = (
					"$(inherited)",
					"@executable_path/Frameworks",
					"@executable_path/../../Frameworks",
				);
				PRODUCT_BUNDLE_IDENTIFIER = io.raindrop.ios.extension;
				PRODUCT_NAME = "$(TARGET_NAME)";
				SDKROOT = iphoneos;
				SKIP_INSTALL = YES;
				SUPPORTED_PLATFORMS = "iphoneos iphonesimulator xros xrsimulator";
				SUPPORTS_MACCATALYST = NO;
				SUPPORTS_MAC_DESIGNED_FOR_IPHONE_IPAD = NO;
				SUPPORTS_XR_DESIGNED_FOR_IPHONE_IPAD = NO;
				SWIFT_EMIT_LOC_STRINGS = YES;
				SWIFT_VERSION = 5.0;
				TARGETED_DEVICE_FAMILY = "1,2,7";
			};
			name = Debug;
		};
		769FFF0E29CC4C8500C2E6DA /* Release */ = {
			isa = XCBuildConfiguration;
			buildSettings = {
				ASSETCATALOG_COMPILER_APPICON_NAME = ActionIcon;
				CLANG_CXX_LANGUAGE_STANDARD = "gnu++20";
				CODE_SIGN_ENTITLEMENTS = Extension/Action/Action.entitlements;
				CODE_SIGN_IDENTITY = "-";
				"CODE_SIGN_IDENTITY[sdk=iphoneos*]" = "Apple Development";
				"CODE_SIGN_IDENTITY[sdk=macosx*]" = "Apple Development";
				CODE_SIGN_STYLE = Automatic;
				GENERATE_INFOPLIST_FILE = YES;
				INFOPLIST_FILE = Extension/Action/Info.plist;
				INFOPLIST_KEY_NSHumanReadableCopyright = "";
				IPHONEOS_DEPLOYMENT_TARGET = 17.5;
				LD_RUNPATH_SEARCH_PATHS = (
					"$(inherited)",
					"@executable_path/Frameworks",
					"@executable_path/../../Frameworks",
				);
				PRODUCT_BUNDLE_IDENTIFIER = io.raindrop.ios.extension;
				PRODUCT_NAME = "$(TARGET_NAME)";
				SDKROOT = iphoneos;
				SKIP_INSTALL = YES;
				SUPPORTED_PLATFORMS = "iphoneos iphonesimulator xros xrsimulator";
				SUPPORTS_MACCATALYST = NO;
				SUPPORTS_MAC_DESIGNED_FOR_IPHONE_IPAD = NO;
				SUPPORTS_XR_DESIGNED_FOR_IPHONE_IPAD = NO;
				SWIFT_EMIT_LOC_STRINGS = YES;
				SWIFT_VERSION = 5.0;
				TARGETED_DEVICE_FAMILY = "1,2,7";
				VALIDATE_PRODUCT = YES;
			};
			name = Release;
		};
		76D880E82930E1FB00D43AD9 /* Debug */ = {
			isa = XCBuildConfiguration;
			buildSettings = {
				APPLICATION_EXTENSION_API_ONLY = YES;
				CLANG_CXX_LANGUAGE_STANDARD = "gnu++20";
				CODE_SIGN_ENTITLEMENTS = Extension/Share/Share.entitlements;
				CODE_SIGN_STYLE = Automatic;
				ENABLE_APP_SANDBOX = YES;
				ENABLE_OUTGOING_NETWORK_CONNECTIONS = YES;
				ENABLE_USER_SELECTED_FILES = readonly;
				GENERATE_INFOPLIST_FILE = YES;
				INFOPLIST_FILE = Extension/Share/Info.plist;
				INFOPLIST_KEY_CFBundleDisplayName = Raindrop.io;
				INFOPLIST_KEY_NSHumanReadableCopyright = "";
				IPHONEOS_DEPLOYMENT_TARGET = 17.5;
				LD_RUNPATH_SEARCH_PATHS = (
					"$(inherited)",
					"@executable_path/Frameworks",
					"@executable_path/../../Frameworks",
				);
				PRODUCT_BUNDLE_IDENTIFIER = io.raindrop.ios.share;
				PRODUCT_NAME = "$(TARGET_NAME)";
				SDKROOT = iphoneos;
				SKIP_INSTALL = YES;
				SUPPORTED_PLATFORMS = "iphoneos iphonesimulator xros xrsimulator";
				SUPPORTS_MACCATALYST = NO;
				SUPPORTS_MAC_DESIGNED_FOR_IPHONE_IPAD = NO;
				SUPPORTS_XR_DESIGNED_FOR_IPHONE_IPAD = NO;
				SWIFT_EMIT_LOC_STRINGS = YES;
				SWIFT_VERSION = 5.0;
				TARGETED_DEVICE_FAMILY = "1,2,7";
			};
			name = Debug;
		};
		76D880E92930E1FB00D43AD9 /* Release */ = {
			isa = XCBuildConfiguration;
			buildSettings = {
				APPLICATION_EXTENSION_API_ONLY = YES;
				CLANG_CXX_LANGUAGE_STANDARD = "gnu++20";
				CODE_SIGN_ENTITLEMENTS = Extension/Share/Share.entitlements;
				CODE_SIGN_STYLE = Automatic;
				ENABLE_APP_SANDBOX = YES;
				ENABLE_OUTGOING_NETWORK_CONNECTIONS = YES;
				ENABLE_USER_SELECTED_FILES = readonly;
				GENERATE_INFOPLIST_FILE = YES;
				INFOPLIST_FILE = Extension/Share/Info.plist;
				INFOPLIST_KEY_CFBundleDisplayName = Raindrop.io;
				INFOPLIST_KEY_NSHumanReadableCopyright = "";
				IPHONEOS_DEPLOYMENT_TARGET = 17.5;
				LD_RUNPATH_SEARCH_PATHS = (
					"$(inherited)",
					"@executable_path/Frameworks",
					"@executable_path/../../Frameworks",
				);
				PRODUCT_BUNDLE_IDENTIFIER = io.raindrop.ios.share;
				PRODUCT_NAME = "$(TARGET_NAME)";
				SDKROOT = iphoneos;
				SKIP_INSTALL = YES;
				SUPPORTED_PLATFORMS = "iphoneos iphonesimulator xros xrsimulator";
				SUPPORTS_MACCATALYST = NO;
				SUPPORTS_MAC_DESIGNED_FOR_IPHONE_IPAD = NO;
				SUPPORTS_XR_DESIGNED_FOR_IPHONE_IPAD = NO;
				SWIFT_EMIT_LOC_STRINGS = YES;
				SWIFT_VERSION = 5.0;
				TARGETED_DEVICE_FAMILY = "1,2,7";
				VALIDATE_PRODUCT = YES;
			};
			name = Release;
		};
/* End XCBuildConfiguration section */

/* Begin XCConfigurationList section */
		76154B7029C202D6002DDDEB /* Build configuration list for PBXNativeTarget "Share macOS" */ = {
			isa = XCConfigurationList;
			buildConfigurations = (
				76154B7129C202D6002DDDEB /* Debug */,
				76154B7229C202D6002DDDEB /* Release */,
			);
			defaultConfigurationIsVisible = 0;
			defaultConfigurationName = Release;
		};
		76154C7429C21039002DDDEB /* Build configuration list for PBXNativeTarget "WebExtension macOS" */ = {
			isa = XCConfigurationList;
			buildConfigurations = (
				76154C7229C21039002DDDEB /* Debug */,
				76154C7329C21039002DDDEB /* Release */,
			);
			defaultConfigurationIsVisible = 0;
			defaultConfigurationName = Release;
		};
		767F09A8299FD6E200349902 /* Build configuration list for PBXNativeTarget "WebExtension iOS" */ = {
			isa = XCConfigurationList;
			buildConfigurations = (
				767F09A4299FD6E200349902 /* Debug */,
				767F09A5299FD6E200349902 /* Release */,
			);
			defaultConfigurationIsVisible = 0;
			defaultConfigurationName = Release;
		};
		7685A18C286868AC00A4BC3C /* Build configuration list for PBXProject "Raindrop" */ = {
			isa = XCConfigurationList;
			buildConfigurations = (
				7685A19E286868AD00A4BC3C /* Debug */,
				7685A19F286868AD00A4BC3C /* Release */,
			);
			defaultConfigurationIsVisible = 0;
			defaultConfigurationName = Release;
		};
		7685A1A0286868AD00A4BC3C /* Build configuration list for PBXNativeTarget "Raindrop" */ = {
			isa = XCConfigurationList;
			buildConfigurations = (
				7685A1A1286868AD00A4BC3C /* Debug */,
				7685A1A2286868AD00A4BC3C /* Release */,
			);
			defaultConfigurationIsVisible = 0;
			defaultConfigurationName = Release;
		};
		769FFF0F29CC4C8500C2E6DA /* Build configuration list for PBXNativeTarget "Action iOS" */ = {
			isa = XCConfigurationList;
			buildConfigurations = (
				769FFF0D29CC4C8500C2E6DA /* Debug */,
				769FFF0E29CC4C8500C2E6DA /* Release */,
			);
			defaultConfigurationIsVisible = 0;
			defaultConfigurationName = Release;
		};
		76D880EA2930E1FB00D43AD9 /* Build configuration list for PBXNativeTarget "Share iOS" */ = {
			isa = XCConfigurationList;
			buildConfigurations = (
				76D880E82930E1FB00D43AD9 /* Debug */,
				76D880E92930E1FB00D43AD9 /* Release */,
			);
			defaultConfigurationIsVisible = 0;
			defaultConfigurationName = Release;
		};
/* End XCConfigurationList section */

/* Begin XCSwiftPackageProductDependency section */
		76154B7E29C20495002DDDEB /* API */ = {
			isa = XCSwiftPackageProductDependency;
			productName = API;
		};
		76154B8029C20495002DDDEB /* Features */ = {
			isa = XCSwiftPackageProductDependency;
			productName = Features;
		};
		76154B8229C20495002DDDEB /* UI */ = {
			isa = XCSwiftPackageProductDependency;
			productName = UI;
		};
		7621510E29CC4E2B009314B7 /* API */ = {
			isa = XCSwiftPackageProductDependency;
			productName = API;
		};
		7621511029CC4E2B009314B7 /* Features */ = {
			isa = XCSwiftPackageProductDependency;
			productName = Features;
		};
		7621511229CC4E2B009314B7 /* UI */ = {
			isa = XCSwiftPackageProductDependency;
			productName = UI;
		};
		767300EB2C88A3A40026B2EF /* FCM */ = {
			isa = XCSwiftPackageProductDependency;
			productName = FCM;
		};
		7697437329718A6100322290 /* Features */ = {
			isa = XCSwiftPackageProductDependency;
			productName = Features;
		};
		76B16BD32930F34D00032D7D /* API */ = {
			isa = XCSwiftPackageProductDependency;
			productName = API;
		};
		76EC67E929D46A54007AE635 /* API */ = {
			isa = XCSwiftPackageProductDependency;
			productName = API;
		};
		76F8755329D469DD007C5620 /* UI */ = {
			isa = XCSwiftPackageProductDependency;
			productName = UI;
		};
		76F8755529D46A09007C5620 /* UI */ = {
			isa = XCSwiftPackageProductDependency;
			productName = UI;
		};
		76F8755729D46A0E007C5620 /* Features */ = {
			isa = XCSwiftPackageProductDependency;
			productName = Features;
		};
		76FECCC029FBDA9A00639D39 /* SignInWithGoogle */ = {
			isa = XCSwiftPackageProductDependency;
			productName = SignInWithGoogle;
		};
/* End XCSwiftPackageProductDependency section */
	};
	rootObject = 7685A189286868AC00A4BC3C /* Project object */;
}
